
Microsoft Visual Studio Solution File, Format Version 12.00
# Visual Studio Version 17
VisualStudioVersion = 17.8.34330.188
MinimumVisualStudioVersion = 10.0.40219.1
Project("{9A19103F-16F7-4668-BE54-9A1E7A4F7556}") = "ScopedHostedService", "ScopedHostedService.csproj", "{70DE92D9-5821-492D-B5DC-27A7A8B85D37}"
EndProject
Global
	GlobalSection(SolutionConfigurationPlatforms) = preSolution
		Debug|Any CPU = Debug|Any CPU
		Release|Any CPU = Release|Any CPU
	EndGlobalSection
	GlobalSection(ProjectConfigurationPlatforms) = postSolution
		{70DE92D9-5821-492D-B5DC-27A7A8B85D37}.Debug|Any CPU.ActiveCfg = Debug|Any CPU
		{70DE92D9-5821-492D-B5DC-27A7A8B85D37}.Debug|Any CPU.Build.0 = Debug|Any CPU
		{70DE92D9-5821-492D-B5DC-27A7A8B85D37}.Release|Any CPU.ActiveCfg = Release|Any CPU
		{70DE92D9-5821-492D-B5DC-27A7A8B85D37}.Release|Any CPU.Build.0 = Release|Any CPU
	EndGlobalSection
	GlobalSection(SolutionProperties) = preSolution
		HideSolutionNode = FALSE
	EndGlobalSection
	GlobalSection(ExtensibilityGlobals) = postSolution
		SolutionGuid = {80CE2546-5BAC-4F7B-9ADB-31D20637CBC7}
	EndGlobalSection
EndGlobal
